{
  "version": 4,
  "terraform_version": "0.14.2",
  "serial": 5,
  "lineage": "c9ec39f4-4976-9eb8-d778-3f2957e28063",
  "outputs": {},
  "resources": [
    {
      "mode": "data",
      "type": "aws_region",
      "name": "current",
      "provider": "provider[\"registry.terraform.io/hashicorp/aws\"]",
      "instances": [
        {
          "schema_version": 0,
          "attributes": {
            "description": "US East (N. Virginia)",
            "endpoint": "ec2.us-east-1.amazonaws.com",
            "id": "us-east-1",
            "name": "us-east-1"
          },
          "sensitive_attributes": []
        }
      ]
    },
    {
      "mode": "data",
      "type": "aws_security_group",
      "name": "ctb_web_server_identifier",
      "provider": "provider[\"registry.terraform.io/hashicorp/aws\"]",
      "instances": [
        {
          "schema_version": 0,
          "attributes": {
            "arn": "arn:aws:ec2:us-east-1:058775512105:security-group/sg-02de23da54e2cf967",
            "description": "Security Group with no inbound rules",
            "filter": null,
            "id": "sg-02de23da54e2cf967",
            "name": "ctb_web_server_identifier_sg",
            "tags": {
              "Name": "ctb_web_server_identifier_sg"
            },
            "vpc_id": "vpc-0343a657f63b9eb37"
          },
          "sensitive_attributes": []
        }
      ]
    },
    {
      "mode": "data",
      "type": "aws_subnet",
      "name": "ctb_subnet_1",
      "provider": "provider[\"registry.terraform.io/hashicorp/aws\"]",
      "instances": [
        {
          "schema_version": 0,
          "attributes": {
            "arn": "arn:aws:ec2:us-east-1:058775512105:subnet/subnet-068f2d849050e78c6",
            "assign_ipv6_address_on_creation": false,
            "availability_zone": "us-east-1a",
            "availability_zone_id": "use1-az6",
            "cidr_block": "10.0.0.0/23",
            "default_for_az": false,
            "filter": null,
            "id": "subnet-068f2d849050e78c6",
            "ipv6_cidr_block": null,
            "ipv6_cidr_block_association_id": null,
            "map_public_ip_on_launch": false,
            "outpost_arn": "",
            "owner_id": "058775512105",
            "state": "available",
            "tags": {
              "Name": "ctb_subnet_1"
            },
            "vpc_id": "vpc-0343a657f63b9eb37"
          },
          "sensitive_attributes": []
        }
      ]
    },
    {
      "mode": "data",
      "type": "aws_subnet",
      "name": "ctb_subnet_2",
      "provider": "provider[\"registry.terraform.io/hashicorp/aws\"]",
      "instances": [
        {
          "schema_version": 0,
          "attributes": {
            "arn": "arn:aws:ec2:us-east-1:058775512105:subnet/subnet-0bb186a747ac3bbcd",
            "assign_ipv6_address_on_creation": false,
            "availability_zone": "us-east-1b",
            "availability_zone_id": "use1-az1",
            "cidr_block": "10.0.2.0/23",
            "default_for_az": false,
            "filter": null,
            "id": "subnet-0bb186a747ac3bbcd",
            "ipv6_cidr_block": null,
            "ipv6_cidr_block_association_id": null,
            "map_public_ip_on_launch": false,
            "outpost_arn": "",
            "owner_id": "058775512105",
            "state": "available",
            "tags": {
              "Name": "ctb_subnet_2"
            },
            "vpc_id": "vpc-0343a657f63b9eb37"
          },
          "sensitive_attributes": []
        }
      ]
    },
    {
      "mode": "data",
      "type": "aws_subnet",
      "name": "ctb_subnet_3",
      "provider": "provider[\"registry.terraform.io/hashicorp/aws\"]",
      "instances": [
        {
          "schema_version": 0,
          "attributes": {
            "arn": "arn:aws:ec2:us-east-1:058775512105:subnet/subnet-02be892a2052a5208",
            "assign_ipv6_address_on_creation": false,
            "availability_zone": "us-east-1c",
            "availability_zone_id": "use1-az2",
            "cidr_block": "10.0.4.0/23",
            "default_for_az": false,
            "filter": null,
            "id": "subnet-02be892a2052a5208",
            "ipv6_cidr_block": null,
            "ipv6_cidr_block_association_id": null,
            "map_public_ip_on_launch": false,
            "outpost_arn": "",
            "owner_id": "058775512105",
            "state": "available",
            "tags": {
              "Name": "ctb_subnet_3"
            },
            "vpc_id": "vpc-0343a657f63b9eb37"
          },
          "sensitive_attributes": []
        }
      ]
    },
    {
      "mode": "data",
      "type": "aws_subnet",
      "name": "ctb_subnet_4",
      "provider": "provider[\"registry.terraform.io/hashicorp/aws\"]",
      "instances": [
        {
          "schema_version": 0,
          "attributes": {
            "arn": "arn:aws:ec2:us-east-1:058775512105:subnet/subnet-0f20c5c02dca882c9",
            "assign_ipv6_address_on_creation": false,
            "availability_zone": "us-east-1d",
            "availability_zone_id": "use1-az4",
            "cidr_block": "10.0.6.0/23",
            "default_for_az": false,
            "filter": null,
            "id": "subnet-0f20c5c02dca882c9",
            "ipv6_cidr_block": null,
            "ipv6_cidr_block_association_id": null,
            "map_public_ip_on_launch": false,
            "outpost_arn": "",
            "owner_id": "058775512105",
            "state": "available",
            "tags": {
              "Name": "ctb_subnet_4"
            },
            "vpc_id": "vpc-0343a657f63b9eb37"
          },
          "sensitive_attributes": []
        }
      ]
    },
    {
      "mode": "data",
      "type": "aws_subnet",
      "name": "ctb_subnet_5",
      "provider": "provider[\"registry.terraform.io/hashicorp/aws\"]",
      "instances": [
        {
          "schema_version": 0,
          "attributes": {
            "arn": "arn:aws:ec2:us-east-1:058775512105:subnet/subnet-053c17c325f712d62",
            "assign_ipv6_address_on_creation": false,
            "availability_zone": "us-east-1e",
            "availability_zone_id": "use1-az3",
            "cidr_block": "10.0.8.0/23",
            "default_for_az": false,
            "filter": null,
            "id": "subnet-053c17c325f712d62",
            "ipv6_cidr_block": null,
            "ipv6_cidr_block_association_id": null,
            "map_public_ip_on_launch": false,
            "outpost_arn": "",
            "owner_id": "058775512105",
            "state": "available",
            "tags": {
              "Name": "ctb_subnet_5"
            },
            "vpc_id": "vpc-0343a657f63b9eb37"
          },
          "sensitive_attributes": []
        }
      ]
    },
    {
      "mode": "data",
      "type": "aws_subnet",
      "name": "ctb_subnet_6",
      "provider": "provider[\"registry.terraform.io/hashicorp/aws\"]",
      "instances": [
        {
          "schema_version": 0,
          "attributes": {
            "arn": "arn:aws:ec2:us-east-1:058775512105:subnet/subnet-087d7fbe1ea1fdfa2",
            "assign_ipv6_address_on_creation": false,
            "availability_zone": "us-east-1f",
            "availability_zone_id": "use1-az5",
            "cidr_block": "10.0.10.0/23",
            "default_for_az": false,
            "filter": null,
            "id": "subnet-087d7fbe1ea1fdfa2",
            "ipv6_cidr_block": null,
            "ipv6_cidr_block_association_id": null,
            "map_public_ip_on_launch": false,
            "outpost_arn": "",
            "owner_id": "058775512105",
            "state": "available",
            "tags": {
              "Name": "ctb_subnet_6"
            },
            "vpc_id": "vpc-0343a657f63b9eb37"
          },
          "sensitive_attributes": []
        }
      ]
    },
    {
      "mode": "data",
      "type": "aws_vpc",
      "name": "cloudtechbitsvpc",
      "provider": "provider[\"registry.terraform.io/hashicorp/aws\"]",
      "instances": [
        {
          "schema_version": 0,
          "attributes": {
            "arn": "arn:aws:ec2:us-east-1:058775512105:vpc/vpc-0343a657f63b9eb37",
            "cidr_block": "10.0.0.0/16",
            "cidr_block_associations": [
              {
                "association_id": "vpc-cidr-assoc-0f38a9b9a32eddfc0",
                "cidr_block": "10.0.0.0/16",
                "state": "associated"
              }
            ],
            "default": false,
            "dhcp_options_id": "dopt-c60b46be",
            "enable_dns_hostnames": true,
            "enable_dns_support": true,
            "filter": null,
            "id": "vpc-0343a657f63b9eb37",
            "instance_tenancy": "default",
            "ipv6_association_id": "vpc-cidr-assoc-0e092d227b0bef6c1",
            "ipv6_cidr_block": "2600:1f18:c8d:1800::/56",
            "main_route_table_id": "rtb-06407e79393503fef",
            "owner_id": "058775512105",
            "state": "available",
            "tags": {
              "Name": "Cloud Tech Bits"
            }
          },
          "sensitive_attributes": []
        }
      ]
    },
    {
      "mode": "managed",
      "type": "aws_db_subnet_group",
      "name": "ctb_db_subnet_group",
      "provider": "provider[\"registry.terraform.io/hashicorp/aws\"]",
      "instances": [
        {
          "schema_version": 0,
          "attributes": {
            "arn": "arn:aws:rds:us-east-1:058775512105:subgrp:cloudtechbits_db_subnets",
            "description": "DB Security group for Cloud Tech Bits DB",
            "id": "cloudtechbits_db_subnets",
            "name": "cloudtechbits_db_subnets",
            "name_prefix": null,
            "subnet_ids": [
              "subnet-02be892a2052a5208",
              "subnet-068f2d849050e78c6",
              "subnet-087d7fbe1ea1fdfa2",
              "subnet-0bb186a747ac3bbcd",
              "subnet-0f20c5c02dca882c9"
            ],
            "tags": {
              "Name": "cloudtechbits_db_subnets"
            }
          },
          "sensitive_attributes": [],
          "private": "bnVsbA==",
          "dependencies": [
            "data.aws_subnet.ctb_subnet_1",
            "data.aws_subnet.ctb_subnet_2",
            "data.aws_subnet.ctb_subnet_3",
            "data.aws_subnet.ctb_subnet_4",
            "data.aws_subnet.ctb_subnet_6"
          ]
        }
      ]
    },
    {
      "mode": "managed",
      "type": "aws_rds_cluster",
      "name": "ctb_db",
      "provider": "provider[\"registry.terraform.io/hashicorp/aws\"]",
      "instances": [
        {
          "schema_version": 0,
          "attributes": {
            "allow_major_version_upgrade": null,
            "apply_immediately": null,
            "arn": "arn:aws:rds:us-east-1:058775512105:cluster:cloudtechbits-db",
            "availability_zones": [
              "us-east-1a",
              "us-east-1c",
              "us-east-1d"
            ],
            "backtrack_window": 0,
            "backup_retention_period": 1,
            "cluster_identifier": "cloudtechbits-db",
            "cluster_identifier_prefix": null,
            "cluster_members": [],
            "cluster_resource_id": "cluster-KUNYSHGCDOKEBV73A3ISZL3FKQ",
            "copy_tags_to_snapshot": false,
            "database_name": "cloudtechbits",
            "db_cluster_parameter_group_name": "default.aurora5.6",
            "db_subnet_group_name": "cloudtechbits_db_subnets",
            "deletion_protection": false,
            "enable_http_endpoint": true,
            "enabled_cloudwatch_logs_exports": [],
            "endpoint": "cloudtechbits-db.cluster-cs2y0d7ffsjl.us-east-1.rds.amazonaws.com",
            "engine": "aurora",
            "engine_mode": "serverless",
            "engine_version": "5.6.10a",
            "final_snapshot_identifier": null,
            "global_cluster_identifier": "",
            "hosted_zone_id": "Z2R2ITUGPM61AM",
            "iam_database_authentication_enabled": false,
            "iam_roles": [],
            "id": "cloudtechbits-db",
            "kms_key_id": "arn:aws:kms:us-east-1:058775512105:key/2ad31359-b5a9-4714-b278-90c3d3945b75",
            "master_password": "ctbbloguser",
            "master_username": "ctbbloguser",
            "port": 3306,
            "preferred_backup_window": "08:42-09:12",
            "preferred_maintenance_window": "thu:05:34-thu:06:04",
            "reader_endpoint": "",
            "replication_source_identifier": "",
            "restore_to_point_in_time": [],
            "s3_import": [],
            "scaling_configuration": [
              {
                "auto_pause": true,
                "max_capacity": 2,
                "min_capacity": 1,
                "seconds_until_auto_pause": 300,
                "timeout_action": "RollbackCapacityChange"
              }
            ],
            "skip_final_snapshot": false,
            "snapshot_identifier": null,
            "source_region": null,
            "storage_encrypted": true,
            "tags": {},
            "timeouts": null,
            "vpc_security_group_ids": [
              "sg-0f103feb1ea2d869d"
            ]
          },
          "sensitive_attributes": [],
          "private": "eyJlMmJmYjczMC1lY2FhLTExZTYtOGY4OC0zNDM2M2JjN2M0YzAiOnsiY3JlYXRlIjo3MjAwMDAwMDAwMDAwLCJkZWxldGUiOjcyMDAwMDAwMDAwMDAsInVwZGF0ZSI6NzIwMDAwMDAwMDAwMH19",
          "dependencies": [
            "aws_db_subnet_group.ctb_db_subnet_group",
            "aws_security_group.ctb_db_sg",
            "data.aws_security_group.ctb_web_server_identifier",
            "data.aws_subnet.ctb_subnet_1",
            "data.aws_subnet.ctb_subnet_2",
            "data.aws_subnet.ctb_subnet_3",
            "data.aws_subnet.ctb_subnet_4",
            "data.aws_subnet.ctb_subnet_6",
            "data.aws_vpc.cloudtechbitsvpc"
          ]
        }
      ]
    },
    {
      "mode": "managed",
      "type": "aws_security_group",
      "name": "ctb_db_sg",
      "provider": "provider[\"registry.terraform.io/hashicorp/aws\"]",
      "instances": [
        {
          "schema_version": 1,
          "attributes": {
            "arn": "arn:aws:ec2:us-east-1:058775512105:security-group/sg-0f103feb1ea2d869d",
            "description": "Security Group for DB",
            "egress": [
              {
                "cidr_blocks": [
                  "0.0.0.0/0"
                ],
                "description": "",
                "from_port": 0,
                "ipv6_cidr_blocks": [],
                "prefix_list_ids": [],
                "protocol": "-1",
                "security_groups": [],
                "self": false,
                "to_port": 0
              }
            ],
            "id": "sg-0f103feb1ea2d869d",
            "ingress": [
              {
                "cidr_blocks": [],
                "description": "",
                "from_port": 3306,
                "ipv6_cidr_blocks": [],
                "prefix_list_ids": [],
                "protocol": "tcp",
                "security_groups": [
                  "sg-02de23da54e2cf967"
                ],
                "self": false,
                "to_port": 3306
              }
            ],
            "name": "ctb_db_sg",
            "name_prefix": "",
            "owner_id": "058775512105",
            "revoke_rules_on_delete": false,
            "tags": {
              "Name": "ctb_db_sg"
            },
            "timeouts": null,
            "vpc_id": "vpc-0343a657f63b9eb37"
          },
          "sensitive_attributes": [],
          "private": "eyJlMmJmYjczMC1lY2FhLTExZTYtOGY4OC0zNDM2M2JjN2M0YzAiOnsiY3JlYXRlIjo2MDAwMDAwMDAwMDAsImRlbGV0ZSI6NjAwMDAwMDAwMDAwfSwic2NoZW1hX3ZlcnNpb24iOiIxIn0=",
          "dependencies": [
            "data.aws_security_group.ctb_web_server_identifier",
            "data.aws_vpc.cloudtechbitsvpc"
          ]
        }
      ]
    }
  ]
}
