{
  "version": 4,
  "terraform_version": "0.14.2",
  "serial": 10,
  "lineage": "dde6bfae-0a15-bf96-6fd4-65226693f5ca",
  "outputs": {
    "action_needed": {
      "value": "Update below DNS records if needed \n1. cloudtechbits.com\n2. www.cloudtechbits.com\n3. vpctools.cloudtechbits.com",
      "type": "string"
    },
    "loadbalancer_dns": {
      "value": "ctb-alb-1890878917.us-east-1.elb.amazonaws.com",
      "type": "string"
    }
  },
  "resources": [
    {
      "mode": "data",
      "type": "aws_acm_certificate",
      "name": "ctb_cert",
      "provider": "provider[\"registry.terraform.io/hashicorp/aws\"]",
      "instances": [
        {
          "schema_version": 0,
          "attributes": {
            "arn": "arn:aws:acm:us-east-1:058775512105:certificate/cda0a292-bd24-4a17-9acf-0dbaef468bcd",
            "domain": "www.cloudtechbits.com",
            "id": "arn:aws:acm:us-east-1:058775512105:certificate/cda0a292-bd24-4a17-9acf-0dbaef468bcd",
            "key_types": null,
            "most_recent": false,
            "statuses": [
              "ISSUED"
            ],
            "tags": {
              "Name": "cloudtechbits.com"
            },
            "types": null
          },
          "sensitive_attributes": []
        }
      ]
    },
    {
      "mode": "data",
      "type": "aws_ami",
      "name": "amazon_linux_2",
      "provider": "provider[\"registry.terraform.io/hashicorp/aws\"]",
      "instances": [
        {
          "schema_version": 0,
          "attributes": {
            "architecture": "x86_64",
            "arn": "arn:aws:ec2:us-east-1::image/ami-0bda063d17ba72759",
            "block_device_mappings": [
              {
                "device_name": "/dev/xvda",
                "ebs": {
                  "delete_on_termination": "true",
                  "encrypted": "false",
                  "iops": "0",
                  "snapshot_id": "snap-09612b253dfc8e9d3",
                  "volume_size": "2",
                  "volume_type": "gp2"
                },
                "no_device": "",
                "virtual_name": ""
              }
            ],
            "creation_date": "2021-08-25T07:20:49.000Z",
            "description": "Amazon Linux 2 SELinux Enforcing AMI 2.0.20210813.1 x86_64 Minimal HVM gp2",
            "executable_users": null,
            "filter": [
              {
                "name": "architecture",
                "values": [
                  "x86_64"
                ]
              },
              {
                "name": "description",
                "values": [
                  "*Linux 2*"
                ]
              },
              {
                "name": "image-type",
                "values": [
                  "machine"
                ]
              },
              {
                "name": "name",
                "values": [
                  "*gp2*"
                ]
              },
              {
                "name": "state",
                "values": [
                  "available"
                ]
              },
              {
                "name": "virtualization-type",
                "values": [
                  "hvm"
                ]
              }
            ],
            "hypervisor": "xen",
            "id": "ami-0bda063d17ba72759",
            "image_id": "ami-0bda063d17ba72759",
            "image_location": "amazon/amzn2-ami-minimal-selinux-enforcing-hvm-2.0.20210813.1-x86_64-gp2",
            "image_owner_alias": "amazon",
            "image_type": "machine",
            "kernel_id": null,
            "most_recent": true,
            "name": "amzn2-ami-minimal-selinux-enforcing-hvm-2.0.20210813.1-x86_64-gp2",
            "name_regex": null,
            "owner_id": "137112412989",
            "owners": [
              "amazon"
            ],
            "platform": null,
            "product_codes": [],
            "public": true,
            "ramdisk_id": null,
            "root_device_name": "/dev/xvda",
            "root_device_type": "ebs",
            "root_snapshot_id": "snap-09612b253dfc8e9d3",
            "sriov_net_support": "simple",
            "state": "available",
            "state_reason": {
              "code": "UNSET",
              "message": "UNSET"
            },
            "tags": {},
            "virtualization_type": "hvm"
          },
          "sensitive_attributes": []
        }
      ]
    },
    {
      "mode": "data",
      "type": "aws_ami",
      "name": "ctb_server",
      "provider": "provider[\"registry.terraform.io/hashicorp/aws\"]",
      "instances": [
        {
          "schema_version": 0,
          "attributes": {
            "architecture": "x86_64",
            "arn": "arn:aws:ec2:us-east-1::image/ami-04c00cedded170429",
            "block_device_mappings": [
              {
                "device_name": "/dev/xvda",
                "ebs": {
                  "delete_on_termination": "true",
                  "encrypted": "false",
                  "iops": "0",
                  "snapshot_id": "snap-045e2f8b55837f5e7",
                  "volume_size": "8",
                  "volume_type": "gp2"
                },
                "no_device": "",
                "virtual_name": ""
              }
            ],
            "creation_date": "2021-02-27T16:53:42.000Z",
            "description": "AMI for cloudtechbits.com WebServer",
            "executable_users": null,
            "filter": null,
            "hypervisor": "xen",
            "id": "ami-04c00cedded170429",
            "image_id": "ami-04c00cedded170429",
            "image_location": "058775512105/ctb_server",
            "image_owner_alias": null,
            "image_type": "machine",
            "kernel_id": null,
            "most_recent": false,
            "name": "ctb_server",
            "name_regex": null,
            "owner_id": "058775512105",
            "owners": [
              "058775512105"
            ],
            "platform": null,
            "product_codes": [],
            "public": false,
            "ramdisk_id": null,
            "root_device_name": "/dev/xvda",
            "root_device_type": "ebs",
            "root_snapshot_id": "snap-045e2f8b55837f5e7",
            "sriov_net_support": "simple",
            "state": "available",
            "state_reason": {
              "code": "UNSET",
              "message": "UNSET"
            },
            "tags": {
              "Name": "ctb_server"
            },
            "virtualization_type": "hvm"
          },
          "sensitive_attributes": []
        }
      ]
    },
    {
      "mode": "data",
      "type": "aws_efs_file_system",
      "name": "ctb_efs",
      "provider": "provider[\"registry.terraform.io/hashicorp/aws\"]",
      "instances": [
        {
          "schema_version": 0,
          "attributes": {
            "arn": "arn:aws:elasticfilesystem:us-east-1:058775512105:file-system/fs-33aba787",
            "creation_token": "terraform-20210922012328044600000001",
            "dns_name": "fs-33aba787.efs.us-east-1.amazonaws.com",
            "encrypted": true,
            "file_system_id": "fs-33aba787",
            "id": "fs-33aba787",
            "kms_key_id": "arn:aws:kms:us-east-1:058775512105:key/a62d493d-8623-4c4d-a1de-a906245a5931",
            "lifecycle_policy": [
              {
                "transition_to_ia": "AFTER_30_DAYS"
              }
            ],
            "performance_mode": "generalPurpose",
            "provisioned_throughput_in_mibps": 0,
            "size_in_bytes": 6144,
            "tags": {
              "Name": "ctb_efs"
            },
            "throughput_mode": "bursting"
          },
          "sensitive_attributes": []
        }
      ]
    },
    {
      "mode": "data",
      "type": "aws_region",
      "name": "current",
      "provider": "provider[\"registry.terraform.io/hashicorp/aws\"]",
      "instances": [
        {
          "schema_version": 0,
          "attributes": {
            "description": "US East (N. Virginia)",
            "endpoint": "ec2.us-east-1.amazonaws.com",
            "id": "us-east-1",
            "name": "us-east-1"
          },
          "sensitive_attributes": []
        }
      ]
    },
    {
      "mode": "data",
      "type": "aws_security_group",
      "name": "ctb_web_server_identifier_sg",
      "provider": "provider[\"registry.terraform.io/hashicorp/aws\"]",
      "instances": [
        {
          "schema_version": 0,
          "attributes": {
            "arn": "arn:aws:ec2:us-east-1:058775512105:security-group/sg-0285b346da9d5571c",
            "description": "Security Group with no inbound rules",
            "filter": null,
            "id": "sg-0285b346da9d5571c",
            "name": "ctb_web_server_identifier_sg",
            "tags": {
              "Name": "ctb_web_server_identifier_sg"
            },
            "vpc_id": "vpc-09464e2788a470e04"
          },
          "sensitive_attributes": []
        }
      ]
    },
    {
      "mode": "data",
      "type": "aws_subnet",
      "name": "ctb_subnet_1",
      "provider": "provider[\"registry.terraform.io/hashicorp/aws\"]",
      "instances": [
        {
          "schema_version": 0,
          "attributes": {
            "arn": "arn:aws:ec2:us-east-1:058775512105:subnet/subnet-0b4a77fa3dc552e4f",
            "assign_ipv6_address_on_creation": false,
            "availability_zone": "us-east-1a",
            "availability_zone_id": "use1-az6",
            "cidr_block": "10.0.0.0/23",
            "default_for_az": false,
            "filter": null,
            "id": "subnet-0b4a77fa3dc552e4f",
            "ipv6_cidr_block": null,
            "ipv6_cidr_block_association_id": null,
            "map_public_ip_on_launch": false,
            "outpost_arn": "",
            "owner_id": "058775512105",
            "state": "available",
            "tags": {
              "Name": "ctb_subnet_1"
            },
            "vpc_id": "vpc-09464e2788a470e04"
          },
          "sensitive_attributes": []
        }
      ]
    },
    {
      "mode": "data",
      "type": "aws_subnet",
      "name": "ctb_subnet_2",
      "provider": "provider[\"registry.terraform.io/hashicorp/aws\"]",
      "instances": [
        {
          "schema_version": 0,
          "attributes": {
            "arn": "arn:aws:ec2:us-east-1:058775512105:subnet/subnet-041c1d6772f778695",
            "assign_ipv6_address_on_creation": false,
            "availability_zone": "us-east-1b",
            "availability_zone_id": "use1-az1",
            "cidr_block": "10.0.2.0/23",
            "default_for_az": false,
            "filter": null,
            "id": "subnet-041c1d6772f778695",
            "ipv6_cidr_block": null,
            "ipv6_cidr_block_association_id": null,
            "map_public_ip_on_launch": false,
            "outpost_arn": "",
            "owner_id": "058775512105",
            "state": "available",
            "tags": {
              "Name": "ctb_subnet_2"
            },
            "vpc_id": "vpc-09464e2788a470e04"
          },
          "sensitive_attributes": []
        }
      ]
    },
    {
      "mode": "data",
      "type": "aws_subnet",
      "name": "ctb_subnet_3",
      "provider": "provider[\"registry.terraform.io/hashicorp/aws\"]",
      "instances": [
        {
          "schema_version": 0,
          "attributes": {
            "arn": "arn:aws:ec2:us-east-1:058775512105:subnet/subnet-0c0aa8ba7fcb50753",
            "assign_ipv6_address_on_creation": false,
            "availability_zone": "us-east-1c",
            "availability_zone_id": "use1-az2",
            "cidr_block": "10.0.4.0/23",
            "default_for_az": false,
            "filter": null,
            "id": "subnet-0c0aa8ba7fcb50753",
            "ipv6_cidr_block": null,
            "ipv6_cidr_block_association_id": null,
            "map_public_ip_on_launch": false,
            "outpost_arn": "",
            "owner_id": "058775512105",
            "state": "available",
            "tags": {
              "Name": "ctb_subnet_3"
            },
            "vpc_id": "vpc-09464e2788a470e04"
          },
          "sensitive_attributes": []
        }
      ]
    },
    {
      "mode": "data",
      "type": "aws_subnet",
      "name": "ctb_subnet_4",
      "provider": "provider[\"registry.terraform.io/hashicorp/aws\"]",
      "instances": [
        {
          "schema_version": 0,
          "attributes": {
            "arn": "arn:aws:ec2:us-east-1:058775512105:subnet/subnet-0dfa1fbccb14885b8",
            "assign_ipv6_address_on_creation": false,
            "availability_zone": "us-east-1d",
            "availability_zone_id": "use1-az4",
            "cidr_block": "10.0.6.0/23",
            "default_for_az": false,
            "filter": null,
            "id": "subnet-0dfa1fbccb14885b8",
            "ipv6_cidr_block": null,
            "ipv6_cidr_block_association_id": null,
            "map_public_ip_on_launch": false,
            "outpost_arn": "",
            "owner_id": "058775512105",
            "state": "available",
            "tags": {
              "Name": "ctb_subnet_4"
            },
            "vpc_id": "vpc-09464e2788a470e04"
          },
          "sensitive_attributes": []
        }
      ]
    },
    {
      "mode": "data",
      "type": "aws_subnet",
      "name": "ctb_subnet_6",
      "provider": "provider[\"registry.terraform.io/hashicorp/aws\"]",
      "instances": [
        {
          "schema_version": 0,
          "attributes": {
            "arn": "arn:aws:ec2:us-east-1:058775512105:subnet/subnet-0a5d03e37645eb8ee",
            "assign_ipv6_address_on_creation": false,
            "availability_zone": "us-east-1f",
            "availability_zone_id": "use1-az5",
            "cidr_block": "10.0.10.0/23",
            "default_for_az": false,
            "filter": null,
            "id": "subnet-0a5d03e37645eb8ee",
            "ipv6_cidr_block": null,
            "ipv6_cidr_block_association_id": null,
            "map_public_ip_on_launch": false,
            "outpost_arn": "",
            "owner_id": "058775512105",
            "state": "available",
            "tags": {
              "Name": "ctb_subnet_6"
            },
            "vpc_id": "vpc-09464e2788a470e04"
          },
          "sensitive_attributes": []
        }
      ]
    },
    {
      "mode": "data",
      "type": "aws_vpc",
      "name": "cloudtechbitsvpc",
      "provider": "provider[\"registry.terraform.io/hashicorp/aws\"]",
      "instances": [
        {
          "schema_version": 0,
          "attributes": {
            "arn": "arn:aws:ec2:us-east-1:058775512105:vpc/vpc-09464e2788a470e04",
            "cidr_block": "10.0.0.0/16",
            "cidr_block_associations": [
              {
                "association_id": "vpc-cidr-assoc-037d0efe360dfb40a",
                "cidr_block": "10.0.0.0/16",
                "state": "associated"
              }
            ],
            "default": false,
            "dhcp_options_id": "dopt-c60b46be",
            "enable_dns_hostnames": true,
            "enable_dns_support": true,
            "filter": null,
            "id": "vpc-09464e2788a470e04",
            "instance_tenancy": "default",
            "ipv6_association_id": "vpc-cidr-assoc-0805b5e91da6bb5b1",
            "ipv6_cidr_block": "2600:1f18:1d9b:2b00::/56",
            "main_route_table_id": "rtb-0ad84709d37488236",
            "owner_id": "058775512105",
            "state": "available",
            "tags": {
              "Name": "Cloud Tech Bits"
            }
          },
          "sensitive_attributes": []
        }
      ]
    },
    {
      "mode": "data",
      "type": "http",
      "name": "myip",
      "provider": "provider[\"registry.terraform.io/hashicorp/http\"]",
      "instances": [
        {
          "schema_version": 0,
          "attributes": {
            "body": "98.144.22.47\n",
            "id": "http://ipv4.icanhazip.com",
            "request_headers": null,
            "response_headers": {
              "Access-Control-Allow-Methods": "GET",
              "Access-Control-Allow-Origin": "*",
              "Alt-Svc": "h3=\":443\"; ma=86400, h3-29=\":443\"; ma=86400, h3-28=\":443\"; ma=86400, h3-27=\":443\"; ma=86400",
              "Cf-Ray": "6927befa9c89c558-ORD",
              "Connection": "keep-alive",
              "Content-Length": "13",
              "Content-Type": "text/plain",
              "Date": "Wed, 22 Sep 2021 01:26:35 GMT",
              "Server": "cloudflare",
              "Set-Cookie": "__cf_bm=2SEZiNZQA1vEKUEUGDUw7LHgQDZuxo_5vMv2O3Bo_Gk-1632273995-0-Ac/n6JbDkDIXH6k/pGDgNWLGUGmNF22AzGI6FTzqKua8hCZBKDlcrmgUQ6CBJWWw6n2og6KtyY2y0wdgYk3uSeM=; path=/; expires=Wed, 22-Sep-21 01:56:35 GMT; domain=.icanhazip.com; HttpOnly; SameSite=None",
              "Vary": "Accept-Encoding"
            },
            "url": "http://ipv4.icanhazip.com"
          },
          "sensitive_attributes": []
        }
      ]
    },
    {
      "mode": "managed",
      "type": "aws_autoscaling_group",
      "name": "ctb-asg",
      "provider": "provider[\"registry.terraform.io/hashicorp/aws\"]",
      "instances": [
        {
          "schema_version": 0,
          "attributes": {
            "arn": "arn:aws:autoscaling:us-east-1:058775512105:autoScalingGroup:8681e0f1-6e57-432c-b613-76814c5a0775:autoScalingGroupName/ctb-asg",
            "availability_zones": [
              "us-east-1a",
              "us-east-1b",
              "us-east-1c",
              "us-east-1d",
              "us-east-1f"
            ],
            "capacity_rebalance": false,
            "default_cooldown": 300,
            "desired_capacity": 1,
            "enabled_metrics": null,
            "force_delete": false,
            "health_check_grace_period": 300,
            "health_check_type": "ELB",
            "id": "ctb-asg",
            "initial_lifecycle_hook": [],
            "instance_refresh": [],
            "launch_configuration": "",
            "launch_template": [
              {
                "id": "lt-0f4c94107b9a5c9b7",
                "name": "cloudtechbits_server",
                "version": "$Latest"
              }
            ],
            "load_balancers": null,
            "max_instance_lifetime": 0,
            "max_size": 2,
            "metrics_granularity": "1Minute",
            "min_elb_capacity": null,
            "min_size": 1,
            "mixed_instances_policy": [],
            "name": "ctb-asg",
            "name_prefix": null,
            "placement_group": "",
            "protect_from_scale_in": false,
            "service_linked_role_arn": "arn:aws:iam::058775512105:role/aws-service-role/autoscaling.amazonaws.com/AWSServiceRoleForAutoScaling",
            "suspended_processes": null,
            "tag": [],
            "tags": null,
            "target_group_arns": [
              "arn:aws:elasticloadbalancing:us-east-1:058775512105:targetgroup/ctb-blog-target-group/bb26370e86748ae8",
              "arn:aws:elasticloadbalancing:us-east-1:058775512105:targetgroup/ctb-vpctools-target-group/b41ff7e9aa2d1cad"
            ],
            "termination_policies": null,
            "timeouts": null,
            "vpc_zone_identifier": [
              "subnet-041c1d6772f778695",
              "subnet-0a5d03e37645eb8ee",
              "subnet-0b4a77fa3dc552e4f",
              "subnet-0c0aa8ba7fcb50753",
              "subnet-0dfa1fbccb14885b8"
            ],
            "wait_for_capacity_timeout": "0",
            "wait_for_elb_capacity": null
          },
          "sensitive_attributes": [],
          "private": "eyJlMmJmYjczMC1lY2FhLTExZTYtOGY4OC0zNDM2M2JjN2M0YzAiOnsiZGVsZXRlIjo2MDAwMDAwMDAwMDB9fQ==",
          "dependencies": [
            "aws_launch_template.ctb_launch_template",
            "aws_lb_target_group.ctb-blog-target-group",
            "aws_lb_target_group.ctb-vpctools-target-group",
            "aws_security_group.ctb_alb_sg",
            "aws_security_group.ctb_web_server_sg",
            "data.aws_ami.ctb_server",
            "data.aws_efs_file_system.ctb_efs",
            "data.aws_security_group.ctb_web_server_identifier_sg",
            "data.aws_subnet.ctb_subnet_1",
            "data.aws_subnet.ctb_subnet_2",
            "data.aws_subnet.ctb_subnet_3",
            "data.aws_subnet.ctb_subnet_4",
            "data.aws_subnet.ctb_subnet_6",
            "data.aws_vpc.cloudtechbitsvpc"
          ]
        }
      ]
    },
    {
      "mode": "managed",
      "type": "aws_launch_template",
      "name": "ctb_launch_template",
      "provider": "provider[\"registry.terraform.io/hashicorp/aws\"]",
      "instances": [
        {
          "schema_version": 0,
          "attributes": {
            "arn": "arn:aws:ec2:us-east-1:058775512105:launch-template/lt-0f4c94107b9a5c9b7",
            "block_device_mappings": [],
            "capacity_reservation_specification": [],
            "cpu_options": [],
            "credit_specification": [],
            "default_version": 1,
            "description": "Template for CTB web servers",
            "disable_api_termination": false,
            "ebs_optimized": "",
            "elastic_gpu_specifications": [],
            "elastic_inference_accelerator": [],
            "enclave_options": [],
            "hibernation_options": [],
            "iam_instance_profile": [],
            "id": "lt-0f4c94107b9a5c9b7",
            "image_id": "ami-04c00cedded170429",
            "instance_initiated_shutdown_behavior": "",
            "instance_market_options": [],
            "instance_type": "t3.micro",
            "kernel_id": "",
            "key_name": "cloudtechbits_key",
            "latest_version": 1,
            "license_specification": [],
            "metadata_options": [],
            "monitoring": [],
            "name": "cloudtechbits_server",
            "name_prefix": null,
            "network_interfaces": [],
            "placement": [],
            "ram_disk_id": "",
            "security_group_names": null,
            "tag_specifications": [],
            "tags": null,
            "update_default_version": true,
            "user_data": "IyEvYmluL2Jhc2gKeXVtIHVwZGF0ZSAteQptb3VudCAtdCBlZnMgLW8gdGxzIGZzLTMzYWJhNzg3Oi8gL2Nsb3VkdGVjaGJpdHMKc3lzdGVtY3RsIHN0YXJ0IGh0dHBkCnN5c3RlbWN0bCBlbmFibGUgaHR0cGQKc3lzdGVtY3RsIHN0YXJ0IHZwY3Rvb2xzc2VydmVyCnN5c3RlbWN0bCBlbmFibGUgdnBjdG9vbHNzZXJ2ZXI=",
            "vpc_security_group_ids": [
              "sg-0285b346da9d5571c",
              "sg-0ab03773200424f5f"
            ]
          },
          "sensitive_attributes": [],
          "private": "bnVsbA==",
          "dependencies": [
            "aws_security_group.ctb_alb_sg",
            "aws_security_group.ctb_web_server_sg",
            "data.aws_ami.ctb_server",
            "data.aws_efs_file_system.ctb_efs",
            "data.aws_security_group.ctb_web_server_identifier_sg",
            "data.aws_vpc.cloudtechbitsvpc"
          ]
        }
      ]
    },
    {
      "mode": "managed",
      "type": "aws_lb",
      "name": "ctb-alb",
      "provider": "provider[\"registry.terraform.io/hashicorp/aws\"]",
      "instances": [
        {
          "schema_version": 0,
          "attributes": {
            "access_logs": [
              {
                "bucket": "",
                "enabled": false,
                "prefix": ""
              }
            ],
            "arn": "arn:aws:elasticloadbalancing:us-east-1:058775512105:loadbalancer/app/ctb-alb/34b63d5e3a8b1f78",
            "arn_suffix": "app/ctb-alb/34b63d5e3a8b1f78",
            "customer_owned_ipv4_pool": "",
            "dns_name": "ctb-alb-1890878917.us-east-1.elb.amazonaws.com",
            "drop_invalid_header_fields": false,
            "enable_cross_zone_load_balancing": null,
            "enable_deletion_protection": false,
            "enable_http2": true,
            "id": "arn:aws:elasticloadbalancing:us-east-1:058775512105:loadbalancer/app/ctb-alb/34b63d5e3a8b1f78",
            "idle_timeout": 60,
            "internal": false,
            "ip_address_type": "ipv4",
            "load_balancer_type": "application",
            "name": "ctb-alb",
            "name_prefix": null,
            "security_groups": [
              "sg-081b05e80d48323f9"
            ],
            "subnet_mapping": [
              {
                "allocation_id": "",
                "outpost_id": "",
                "private_ipv4_address": "",
                "subnet_id": "subnet-041c1d6772f778695"
              },
              {
                "allocation_id": "",
                "outpost_id": "",
                "private_ipv4_address": "",
                "subnet_id": "subnet-0a5d03e37645eb8ee"
              },
              {
                "allocation_id": "",
                "outpost_id": "",
                "private_ipv4_address": "",
                "subnet_id": "subnet-0b4a77fa3dc552e4f"
              },
              {
                "allocation_id": "",
                "outpost_id": "",
                "private_ipv4_address": "",
                "subnet_id": "subnet-0c0aa8ba7fcb50753"
              },
              {
                "allocation_id": "",
                "outpost_id": "",
                "private_ipv4_address": "",
                "subnet_id": "subnet-0dfa1fbccb14885b8"
              }
            ],
            "subnets": [
              "subnet-041c1d6772f778695",
              "subnet-0a5d03e37645eb8ee",
              "subnet-0b4a77fa3dc552e4f",
              "subnet-0c0aa8ba7fcb50753",
              "subnet-0dfa1fbccb14885b8"
            ],
            "tags": null,
            "timeouts": null,
            "vpc_id": "vpc-09464e2788a470e04",
            "zone_id": "Z35SXDOTRQ7X7K"
          },
          "sensitive_attributes": [],
          "private": "eyJlMmJmYjczMC1lY2FhLTExZTYtOGY4OC0zNDM2M2JjN2M0YzAiOnsiY3JlYXRlIjo2MDAwMDAwMDAwMDAsImRlbGV0ZSI6NjAwMDAwMDAwMDAwLCJ1cGRhdGUiOjYwMDAwMDAwMDAwMH19",
          "dependencies": [
            "aws_security_group.ctb_alb_sg",
            "data.aws_subnet.ctb_subnet_1",
            "data.aws_subnet.ctb_subnet_2",
            "data.aws_subnet.ctb_subnet_3",
            "data.aws_subnet.ctb_subnet_4",
            "data.aws_subnet.ctb_subnet_6",
            "data.aws_vpc.cloudtechbitsvpc"
          ]
        }
      ]
    },
    {
      "mode": "managed",
      "type": "aws_lb_listener",
      "name": "ctb-alb-listener",
      "provider": "provider[\"registry.terraform.io/hashicorp/aws\"]",
      "instances": [
        {
          "schema_version": 0,
          "attributes": {
            "arn": "arn:aws:elasticloadbalancing:us-east-1:058775512105:listener/app/ctb-alb/34b63d5e3a8b1f78/2e9de9bb155c356f",
            "certificate_arn": "arn:aws:acm:us-east-1:058775512105:certificate/cda0a292-bd24-4a17-9acf-0dbaef468bcd",
            "default_action": [
              {
                "authenticate_cognito": [],
                "authenticate_oidc": [],
                "fixed_response": [],
                "forward": [],
                "order": 1,
                "redirect": [],
                "target_group_arn": "arn:aws:elasticloadbalancing:us-east-1:058775512105:targetgroup/ctb-blog-target-group/bb26370e86748ae8",
                "type": "forward"
              }
            ],
            "id": "arn:aws:elasticloadbalancing:us-east-1:058775512105:listener/app/ctb-alb/34b63d5e3a8b1f78/2e9de9bb155c356f",
            "load_balancer_arn": "arn:aws:elasticloadbalancing:us-east-1:058775512105:loadbalancer/app/ctb-alb/34b63d5e3a8b1f78",
            "port": 443,
            "protocol": "HTTPS",
            "ssl_policy": "ELBSecurityPolicy-2016-08",
            "timeouts": null
          },
          "sensitive_attributes": [],
          "private": "eyJlMmJmYjczMC1lY2FhLTExZTYtOGY4OC0zNDM2M2JjN2M0YzAiOnsicmVhZCI6NjAwMDAwMDAwMDAwfX0=",
          "dependencies": [
            "aws_lb.ctb-alb",
            "aws_lb_target_group.ctb-blog-target-group",
            "aws_security_group.ctb_alb_sg",
            "data.aws_acm_certificate.ctb_cert",
            "data.aws_subnet.ctb_subnet_1",
            "data.aws_subnet.ctb_subnet_2",
            "data.aws_subnet.ctb_subnet_3",
            "data.aws_subnet.ctb_subnet_4",
            "data.aws_subnet.ctb_subnet_6",
            "data.aws_vpc.cloudtechbitsvpc"
          ]
        }
      ]
    },
    {
      "mode": "managed",
      "type": "aws_lb_listener_rule",
      "name": "ctb_vpctools_listner_rule",
      "provider": "provider[\"registry.terraform.io/hashicorp/aws\"]",
      "instances": [
        {
          "schema_version": 0,
          "attributes": {
            "action": [
              {
                "authenticate_cognito": [],
                "authenticate_oidc": [],
                "fixed_response": [],
                "forward": [],
                "order": 1,
                "redirect": [],
                "target_group_arn": "arn:aws:elasticloadbalancing:us-east-1:058775512105:targetgroup/ctb-vpctools-target-group/b41ff7e9aa2d1cad",
                "type": "forward"
              }
            ],
            "arn": "arn:aws:elasticloadbalancing:us-east-1:058775512105:listener-rule/app/ctb-alb/34b63d5e3a8b1f78/2e9de9bb155c356f/16862630ff0717d3",
            "condition": [
              {
                "host_header": [
                  {
                    "values": [
                      "vpctools.cloudtechbits.com"
                    ]
                  }
                ],
                "http_header": [],
                "http_request_method": [],
                "path_pattern": [],
                "query_string": [],
                "source_ip": []
              }
            ],
            "id": "arn:aws:elasticloadbalancing:us-east-1:058775512105:listener-rule/app/ctb-alb/34b63d5e3a8b1f78/2e9de9bb155c356f/16862630ff0717d3",
            "listener_arn": "arn:aws:elasticloadbalancing:us-east-1:058775512105:listener/app/ctb-alb/34b63d5e3a8b1f78/2e9de9bb155c356f",
            "priority": 1
          },
          "sensitive_attributes": [],
          "private": "bnVsbA==",
          "dependencies": [
            "aws_lb.ctb-alb",
            "aws_lb_listener.ctb-alb-listener",
            "aws_lb_target_group.ctb-blog-target-group",
            "aws_lb_target_group.ctb-vpctools-target-group",
            "aws_security_group.ctb_alb_sg",
            "data.aws_acm_certificate.ctb_cert",
            "data.aws_subnet.ctb_subnet_1",
            "data.aws_subnet.ctb_subnet_2",
            "data.aws_subnet.ctb_subnet_3",
            "data.aws_subnet.ctb_subnet_4",
            "data.aws_subnet.ctb_subnet_6",
            "data.aws_vpc.cloudtechbitsvpc"
          ]
        }
      ]
    },
    {
      "mode": "managed",
      "type": "aws_lb_target_group",
      "name": "ctb-blog-target-group",
      "provider": "provider[\"registry.terraform.io/hashicorp/aws\"]",
      "instances": [
        {
          "schema_version": 0,
          "attributes": {
            "arn": "arn:aws:elasticloadbalancing:us-east-1:058775512105:targetgroup/ctb-blog-target-group/bb26370e86748ae8",
            "arn_suffix": "targetgroup/ctb-blog-target-group/bb26370e86748ae8",
            "deregistration_delay": 300,
            "health_check": [
              {
                "enabled": true,
                "healthy_threshold": 2,
                "interval": 30,
                "matcher": "200",
                "path": "/ping.html",
                "port": "1980",
                "protocol": "HTTP",
                "timeout": 5,
                "unhealthy_threshold": 10
              }
            ],
            "id": "arn:aws:elasticloadbalancing:us-east-1:058775512105:targetgroup/ctb-blog-target-group/bb26370e86748ae8",
            "lambda_multi_value_headers_enabled": false,
            "load_balancing_algorithm_type": "round_robin",
            "name": "ctb-blog-target-group",
            "name_prefix": null,
            "port": 1980,
            "protocol": "HTTP",
            "proxy_protocol_v2": false,
            "slow_start": 0,
            "stickiness": [
              {
                "cookie_duration": 86400,
                "enabled": false,
                "type": "lb_cookie"
              }
            ],
            "tags": null,
            "target_type": "instance",
            "vpc_id": "vpc-09464e2788a470e04"
          },
          "sensitive_attributes": [],
          "private": "bnVsbA==",
          "dependencies": [
            "data.aws_vpc.cloudtechbitsvpc"
          ]
        }
      ]
    },
    {
      "mode": "managed",
      "type": "aws_lb_target_group",
      "name": "ctb-vpctools-target-group",
      "provider": "provider[\"registry.terraform.io/hashicorp/aws\"]",
      "instances": [
        {
          "schema_version": 0,
          "attributes": {
            "arn": "arn:aws:elasticloadbalancing:us-east-1:058775512105:targetgroup/ctb-vpctools-target-group/b41ff7e9aa2d1cad",
            "arn_suffix": "targetgroup/ctb-vpctools-target-group/b41ff7e9aa2d1cad",
            "deregistration_delay": 300,
            "health_check": [
              {
                "enabled": true,
                "healthy_threshold": 2,
                "interval": 30,
                "matcher": "200",
                "path": "/index.html",
                "port": "1981",
                "protocol": "HTTP",
                "timeout": 5,
                "unhealthy_threshold": 10
              }
            ],
            "id": "arn:aws:elasticloadbalancing:us-east-1:058775512105:targetgroup/ctb-vpctools-target-group/b41ff7e9aa2d1cad",
            "lambda_multi_value_headers_enabled": false,
            "load_balancing_algorithm_type": "round_robin",
            "name": "ctb-vpctools-target-group",
            "name_prefix": null,
            "port": 1981,
            "protocol": "HTTP",
            "proxy_protocol_v2": false,
            "slow_start": 0,
            "stickiness": [
              {
                "cookie_duration": 86400,
                "enabled": false,
                "type": "lb_cookie"
              }
            ],
            "tags": null,
            "target_type": "instance",
            "vpc_id": "vpc-09464e2788a470e04"
          },
          "sensitive_attributes": [],
          "private": "bnVsbA==",
          "dependencies": [
            "data.aws_vpc.cloudtechbitsvpc"
          ]
        }
      ]
    },
    {
      "mode": "managed",
      "type": "aws_security_group",
      "name": "ctb_alb_sg",
      "provider": "provider[\"registry.terraform.io/hashicorp/aws\"]",
      "instances": [
        {
          "schema_version": 1,
          "attributes": {
            "arn": "arn:aws:ec2:us-east-1:058775512105:security-group/sg-081b05e80d48323f9",
            "description": "Security Group for the Load Balancer",
            "egress": [
              {
                "cidr_blocks": [
                  "0.0.0.0/0"
                ],
                "description": "",
                "from_port": 0,
                "ipv6_cidr_blocks": [],
                "prefix_list_ids": [],
                "protocol": "-1",
                "security_groups": [],
                "self": false,
                "to_port": 0
              }
            ],
            "id": "sg-081b05e80d48323f9",
            "ingress": [
              {
                "cidr_blocks": [
                  "0.0.0.0/0"
                ],
                "description": "",
                "from_port": 443,
                "ipv6_cidr_blocks": [],
                "prefix_list_ids": [],
                "protocol": "tcp",
                "security_groups": [],
                "self": false,
                "to_port": 443
              },
              {
                "cidr_blocks": [
                  "0.0.0.0/0"
                ],
                "description": "",
                "from_port": 80,
                "ipv6_cidr_blocks": [],
                "prefix_list_ids": [],
                "protocol": "tcp",
                "security_groups": [],
                "self": false,
                "to_port": 80
              }
            ],
            "name": "ctb_alb_sg",
            "name_prefix": "",
            "owner_id": "058775512105",
            "revoke_rules_on_delete": false,
            "tags": {
              "Name": "ctb_alb_sg"
            },
            "timeouts": null,
            "vpc_id": "vpc-09464e2788a470e04"
          },
          "sensitive_attributes": [],
          "private": "eyJlMmJmYjczMC1lY2FhLTExZTYtOGY4OC0zNDM2M2JjN2M0YzAiOnsiY3JlYXRlIjo2MDAwMDAwMDAwMDAsImRlbGV0ZSI6NjAwMDAwMDAwMDAwfSwic2NoZW1hX3ZlcnNpb24iOiIxIn0=",
          "dependencies": [
            "data.aws_vpc.cloudtechbitsvpc"
          ]
        }
      ]
    },
    {
      "mode": "managed",
      "type": "aws_security_group",
      "name": "ctb_web_server_sg",
      "provider": "provider[\"registry.terraform.io/hashicorp/aws\"]",
      "instances": [
        {
          "schema_version": 1,
          "attributes": {
            "arn": "arn:aws:ec2:us-east-1:058775512105:security-group/sg-0ab03773200424f5f",
            "description": "Security Group for the servers",
            "egress": [],
            "id": "sg-0ab03773200424f5f",
            "ingress": [
              {
                "cidr_blocks": [
                  "10.0.0.0/16"
                ],
                "description": "",
                "from_port": 1980,
                "ipv6_cidr_blocks": [],
                "prefix_list_ids": [],
                "protocol": "tcp",
                "security_groups": [
                  "sg-081b05e80d48323f9"
                ],
                "self": false,
                "to_port": 1981
              }
            ],
            "name": "ctb_web_server_sg",
            "name_prefix": "",
            "owner_id": "058775512105",
            "revoke_rules_on_delete": false,
            "tags": {
              "Name": "ctb_web_server_sg"
            },
            "timeouts": null,
            "vpc_id": "vpc-09464e2788a470e04"
          },
          "sensitive_attributes": [],
          "private": "eyJlMmJmYjczMC1lY2FhLTExZTYtOGY4OC0zNDM2M2JjN2M0YzAiOnsiY3JlYXRlIjo2MDAwMDAwMDAwMDAsImRlbGV0ZSI6NjAwMDAwMDAwMDAwfSwic2NoZW1hX3ZlcnNpb24iOiIxIn0=",
          "dependencies": [
            "aws_security_group.ctb_alb_sg",
            "data.aws_vpc.cloudtechbitsvpc"
          ]
        }
      ]
    }
  ]
}
