{
  "version": 4,
  "terraform_version": "0.14.2",
  "serial": 20,
  "lineage": "e28eec57-9f96-b18d-42cf-111986bd0398",
  "outputs": {},
  "resources": [
    {
      "mode": "data",
      "type": "aws_region",
      "name": "current",
      "provider": "provider[\"registry.terraform.io/hashicorp/aws\"]",
      "instances": [
        {
          "schema_version": 0,
          "attributes": {
            "description": "US East (N. Virginia)",
            "endpoint": "ec2.us-east-1.amazonaws.com",
            "id": "us-east-1",
            "name": "us-east-1"
          },
          "sensitive_attributes": []
        }
      ]
    },
    {
      "mode": "data",
      "type": "http",
      "name": "myip",
      "provider": "provider[\"registry.terraform.io/hashicorp/http\"]",
      "instances": [
        {
          "schema_version": 0,
          "attributes": {
            "body": "98.144.22.47\n",
            "id": "http://ipv4.icanhazip.com",
            "request_headers": null,
            "response_headers": {
              "Access-Control-Allow-Methods": "GET",
              "Access-Control-Allow-Origin": "*",
              "Alt-Svc": "h3=\":443\"; ma=86400, h3-29=\":443\"; ma=86400, h3-28=\":443\"; ma=86400, h3-27=\":443\"; ma=86400",
              "Cf-Ray": "6927b8143fc52a99-ORD",
              "Connection": "keep-alive",
              "Content-Length": "13",
              "Content-Type": "text/plain",
              "Date": "Wed, 22 Sep 2021 01:21:53 GMT",
              "Server": "cloudflare",
              "Set-Cookie": "__cf_bm=lcHnGNWvCIsJQUmeUKwP2LFqe9BGZQ7M_brEWFuD.bg-1632273713-0-AS/P13c91Nvc9h2PanKMlMV0CBB5nhf2A33sQiO+pSIOObO1AkL1Spj//0cI04qhugg1J5wAjtbO1+dPZA4jNew=; path=/; expires=Wed, 22-Sep-21 01:51:53 GMT; domain=.icanhazip.com; HttpOnly; SameSite=None",
              "Vary": "Accept-Encoding"
            },
            "url": "http://ipv4.icanhazip.com"
          },
          "sensitive_attributes": []
        }
      ]
    },
    {
      "mode": "managed",
      "type": "aws_internet_gateway",
      "name": "cloudtechbitsvpc_igw",
      "provider": "provider[\"registry.terraform.io/hashicorp/aws\"]",
      "instances": [
        {
          "schema_version": 0,
          "attributes": {
            "arn": "arn:aws:ec2:us-east-1:058775512105:internet-gateway/igw-0994e059d7fa33947",
            "id": "igw-0994e059d7fa33947",
            "owner_id": "058775512105",
            "tags": null,
            "vpc_id": "vpc-09464e2788a470e04"
          },
          "sensitive_attributes": [],
          "private": "bnVsbA==",
          "dependencies": [
            "aws_vpc.cloudtechbitsvpc"
          ]
        }
      ]
    },
    {
      "mode": "managed",
      "type": "aws_key_pair",
      "name": "cloudtechbits_key",
      "provider": "provider[\"registry.terraform.io/hashicorp/aws\"]",
      "instances": [
        {
          "schema_version": 1,
          "attributes": {
            "arn": "arn:aws:ec2:us-east-1:058775512105:key-pair/cloudtechbits_key",
            "fingerprint": "f0:2f:f7:80:dd:fb:01:06:7f:7b:2a:4b:ca:6d:a4:6f",
            "id": "cloudtechbits_key",
            "key_name": "cloudtechbits_key",
            "key_name_prefix": null,
            "key_pair_id": "key-0fc333a62302d8a6d",
            "public_key": "ssh-rsa AAAAB3NzaC1yc2EAAAADAQABAAABgQC6Km4jko72lEKsX0HnmTgiekxwQMD0kHMBq6x+zrifidUKJcUCI8gXxgxy28yugdwdZkC/kW+06g+yUTwQieh43vXEygJxkHst+8Y2YjAdb/HZC1vIY2g3OAESHCYGj/SvxAXXJzm6CTz6lHzrp6hCb9i928ZBEOX5ZJui0baXjjHLhCGg6S+IaIreol4fGyNi1lAO4Z8YGFKt0950vfJZNBxKcLouXut6h3xyLUpLRvNu9/11BbpuPIzUtdQuLuWbDSSjWjbtkbZ3VmWv/u1G7YI+TUwQwj22bdTeTadmNFoTCoUZMSH9U2SiI4XCYCEyKwHWLZ4ldoiPLycAGuEA+7uTpSJjThS/HS+mRxEd7bK+viO2LfBKl2FZVBMNj9owXBEF5vV4vpT2W0flNfbIoK+O77Xq76arM+RhBHtEoHMfGiJ9xP0u0tXM8EmWEWh1sYNzTIXyRmQSS9j39HLFh3JCw/CcAzSSzqoxZ/0KbUtigGJkJTfgnWp33PXAGIE= kirandhamodharan@Kirans-Air.lan",
            "tags": null
          },
          "sensitive_attributes": [],
          "private": "eyJzY2hlbWFfdmVyc2lvbiI6IjEifQ=="
        }
      ]
    },
    {
      "mode": "managed",
      "type": "aws_network_acl",
      "name": "public_acl",
      "provider": "provider[\"registry.terraform.io/hashicorp/aws\"]",
      "instances": [
        {
          "schema_version": 0,
          "attributes": {
            "arn": "arn:aws:ec2:us-east-1:058775512105:network-acl/acl-0724ea8c2a092131a",
            "egress": [
              {
                "action": "allow",
                "cidr_block": "",
                "from_port": 0,
                "icmp_code": 0,
                "icmp_type": 0,
                "ipv6_cidr_block": "::/0",
                "protocol": "-1",
                "rule_no": 101,
                "to_port": 0
              },
              {
                "action": "allow",
                "cidr_block": "0.0.0.0/0",
                "from_port": 0,
                "icmp_code": 0,
                "icmp_type": 0,
                "ipv6_cidr_block": "",
                "protocol": "-1",
                "rule_no": 100,
                "to_port": 0
              }
            ],
            "id": "acl-0724ea8c2a092131a",
            "ingress": [
              {
                "action": "allow",
                "cidr_block": "",
                "from_port": 0,
                "icmp_code": 0,
                "icmp_type": 0,
                "ipv6_cidr_block": "::/0",
                "protocol": "tcp",
                "rule_no": 101,
                "to_port": 65535
              },
              {
                "action": "allow",
                "cidr_block": "0.0.0.0/0",
                "from_port": 0,
                "icmp_code": 0,
                "icmp_type": 0,
                "ipv6_cidr_block": "",
                "protocol": "tcp",
                "rule_no": 100,
                "to_port": 65535
              }
            ],
            "owner_id": "058775512105",
            "subnet_ids": [
              "subnet-041c1d6772f778695",
              "subnet-08ba07b4512cac078",
              "subnet-0a5d03e37645eb8ee",
              "subnet-0b4a77fa3dc552e4f",
              "subnet-0c0aa8ba7fcb50753",
              "subnet-0dfa1fbccb14885b8"
            ],
            "tags": {
              "Name": "CTB Default ACL"
            },
            "vpc_id": "vpc-09464e2788a470e04"
          },
          "sensitive_attributes": [],
          "private": "bnVsbA==",
          "dependencies": [
            "aws_subnet.ctb_subnet_1",
            "aws_subnet.ctb_subnet_2",
            "aws_subnet.ctb_subnet_3",
            "aws_subnet.ctb_subnet_4",
            "aws_subnet.ctb_subnet_5",
            "aws_subnet.ctb_subnet_6",
            "aws_vpc.cloudtechbitsvpc",
            "data.aws_region.current"
          ]
        }
      ]
    },
    {
      "mode": "managed",
      "type": "aws_route_table",
      "name": "r_public",
      "provider": "provider[\"registry.terraform.io/hashicorp/aws\"]",
      "instances": [
        {
          "schema_version": 0,
          "attributes": {
            "id": "rtb-01cc66ccb023d2673",
            "owner_id": "058775512105",
            "propagating_vgws": [],
            "route": [
              {
                "cidr_block": "0.0.0.0/0",
                "egress_only_gateway_id": "",
                "gateway_id": "igw-0994e059d7fa33947",
                "instance_id": "",
                "ipv6_cidr_block": "",
                "local_gateway_id": "",
                "nat_gateway_id": "",
                "network_interface_id": "",
                "transit_gateway_id": "",
                "vpc_endpoint_id": "",
                "vpc_peering_connection_id": ""
              }
            ],
            "tags": {
              "Name": "CTB Default Route"
            },
            "vpc_id": "vpc-09464e2788a470e04"
          },
          "sensitive_attributes": [],
          "private": "bnVsbA==",
          "dependencies": [
            "aws_internet_gateway.cloudtechbitsvpc_igw",
            "aws_vpc.cloudtechbitsvpc"
          ]
        }
      ]
    },
    {
      "mode": "managed",
      "type": "aws_route_table_association",
      "name": "r_public_association_1",
      "provider": "provider[\"registry.terraform.io/hashicorp/aws\"]",
      "instances": [
        {
          "schema_version": 0,
          "attributes": {
            "gateway_id": null,
            "id": "rtbassoc-057c8e7eea82a4f2d",
            "route_table_id": "rtb-01cc66ccb023d2673",
            "subnet_id": "subnet-0b4a77fa3dc552e4f"
          },
          "sensitive_attributes": [],
          "private": "bnVsbA==",
          "dependencies": [
            "aws_internet_gateway.cloudtechbitsvpc_igw",
            "aws_route_table.r_public",
            "aws_subnet.ctb_subnet_1",
            "aws_vpc.cloudtechbitsvpc",
            "data.aws_region.current"
          ]
        }
      ]
    },
    {
      "mode": "managed",
      "type": "aws_route_table_association",
      "name": "r_public_association_2",
      "provider": "provider[\"registry.terraform.io/hashicorp/aws\"]",
      "instances": [
        {
          "schema_version": 0,
          "attributes": {
            "gateway_id": null,
            "id": "rtbassoc-0549d051b4381c040",
            "route_table_id": "rtb-01cc66ccb023d2673",
            "subnet_id": "subnet-041c1d6772f778695"
          },
          "sensitive_attributes": [],
          "private": "bnVsbA==",
          "dependencies": [
            "aws_internet_gateway.cloudtechbitsvpc_igw",
            "aws_route_table.r_public",
            "aws_subnet.ctb_subnet_2",
            "aws_vpc.cloudtechbitsvpc",
            "data.aws_region.current"
          ]
        }
      ]
    },
    {
      "mode": "managed",
      "type": "aws_route_table_association",
      "name": "r_public_association_3",
      "provider": "provider[\"registry.terraform.io/hashicorp/aws\"]",
      "instances": [
        {
          "schema_version": 0,
          "attributes": {
            "gateway_id": null,
            "id": "rtbassoc-0119f271aadc912d7",
            "route_table_id": "rtb-01cc66ccb023d2673",
            "subnet_id": "subnet-0c0aa8ba7fcb50753"
          },
          "sensitive_attributes": [],
          "private": "bnVsbA==",
          "dependencies": [
            "aws_internet_gateway.cloudtechbitsvpc_igw",
            "aws_route_table.r_public",
            "aws_subnet.ctb_subnet_3",
            "aws_vpc.cloudtechbitsvpc",
            "data.aws_region.current"
          ]
        }
      ]
    },
    {
      "mode": "managed",
      "type": "aws_route_table_association",
      "name": "r_public_association_4",
      "provider": "provider[\"registry.terraform.io/hashicorp/aws\"]",
      "instances": [
        {
          "schema_version": 0,
          "attributes": {
            "gateway_id": null,
            "id": "rtbassoc-0271b5f822eafa90b",
            "route_table_id": "rtb-01cc66ccb023d2673",
            "subnet_id": "subnet-0dfa1fbccb14885b8"
          },
          "sensitive_attributes": [],
          "private": "bnVsbA==",
          "dependencies": [
            "aws_internet_gateway.cloudtechbitsvpc_igw",
            "aws_route_table.r_public",
            "aws_subnet.ctb_subnet_4",
            "aws_vpc.cloudtechbitsvpc",
            "data.aws_region.current"
          ]
        }
      ]
    },
    {
      "mode": "managed",
      "type": "aws_route_table_association",
      "name": "r_public_association_5",
      "provider": "provider[\"registry.terraform.io/hashicorp/aws\"]",
      "instances": [
        {
          "schema_version": 0,
          "attributes": {
            "gateway_id": null,
            "id": "rtbassoc-0a1a671fc3b4c528c",
            "route_table_id": "rtb-01cc66ccb023d2673",
            "subnet_id": "subnet-08ba07b4512cac078"
          },
          "sensitive_attributes": [],
          "private": "bnVsbA==",
          "dependencies": [
            "aws_internet_gateway.cloudtechbitsvpc_igw",
            "aws_route_table.r_public",
            "aws_subnet.ctb_subnet_5",
            "aws_vpc.cloudtechbitsvpc",
            "data.aws_region.current"
          ]
        }
      ]
    },
    {
      "mode": "managed",
      "type": "aws_route_table_association",
      "name": "r_public_association_6",
      "provider": "provider[\"registry.terraform.io/hashicorp/aws\"]",
      "instances": [
        {
          "schema_version": 0,
          "attributes": {
            "gateway_id": null,
            "id": "rtbassoc-0eba864e8455aeec7",
            "route_table_id": "rtb-01cc66ccb023d2673",
            "subnet_id": "subnet-0a5d03e37645eb8ee"
          },
          "sensitive_attributes": [],
          "private": "bnVsbA==",
          "dependencies": [
            "aws_internet_gateway.cloudtechbitsvpc_igw",
            "aws_route_table.r_public",
            "aws_subnet.ctb_subnet_6",
            "aws_vpc.cloudtechbitsvpc",
            "data.aws_region.current"
          ]
        }
      ]
    },
    {
      "mode": "managed",
      "type": "aws_security_group",
      "name": "access_for_kiran",
      "provider": "provider[\"registry.terraform.io/hashicorp/aws\"]",
      "instances": [
        {
          "schema_version": 1,
          "attributes": {
            "arn": "arn:aws:ec2:us-east-1:058775512105:security-group/sg-083833b5f6738ff64",
            "description": "Security Group for all access from current IP for Dev / Test / Debugging",
            "egress": [
              {
                "cidr_blocks": [
                  "0.0.0.0/0"
                ],
                "description": "",
                "from_port": 0,
                "ipv6_cidr_blocks": [],
                "prefix_list_ids": [],
                "protocol": "-1",
                "security_groups": [],
                "self": false,
                "to_port": 0
              }
            ],
            "id": "sg-083833b5f6738ff64",
            "ingress": [
              {
                "cidr_blocks": [
                  "98.144.22.47/32"
                ],
                "description": "",
                "from_port": 0,
                "ipv6_cidr_blocks": [],
                "prefix_list_ids": [],
                "protocol": "-1",
                "security_groups": [],
                "self": false,
                "to_port": 0
              }
            ],
            "name": "access_for_kiran_sg",
            "name_prefix": "",
            "owner_id": "058775512105",
            "revoke_rules_on_delete": false,
            "tags": {
              "Name": "ssh_for_kiran_sg"
            },
            "timeouts": null,
            "vpc_id": "vpc-09464e2788a470e04"
          },
          "sensitive_attributes": [],
          "private": "eyJlMmJmYjczMC1lY2FhLTExZTYtOGY4OC0zNDM2M2JjN2M0YzAiOnsiY3JlYXRlIjo2MDAwMDAwMDAwMDAsImRlbGV0ZSI6NjAwMDAwMDAwMDAwfSwic2NoZW1hX3ZlcnNpb24iOiIxIn0=",
          "dependencies": [
            "aws_vpc.cloudtechbitsvpc",
            "data.http.myip"
          ]
        }
      ]
    },
    {
      "mode": "managed",
      "type": "aws_security_group",
      "name": "ctb_web_server_identifier_sg",
      "provider": "provider[\"registry.terraform.io/hashicorp/aws\"]",
      "instances": [
        {
          "schema_version": 1,
          "attributes": {
            "arn": "arn:aws:ec2:us-east-1:058775512105:security-group/sg-0285b346da9d5571c",
            "description": "Security Group with no inbound rules",
            "egress": [
              {
                "cidr_blocks": [
                  "0.0.0.0/0"
                ],
                "description": "",
                "from_port": 0,
                "ipv6_cidr_blocks": [],
                "prefix_list_ids": [],
                "protocol": "-1",
                "security_groups": [],
                "self": false,
                "to_port": 0
              }
            ],
            "id": "sg-0285b346da9d5571c",
            "ingress": [],
            "name": "ctb_web_server_identifier_sg",
            "name_prefix": "",
            "owner_id": "058775512105",
            "revoke_rules_on_delete": false,
            "tags": {
              "Name": "ctb_web_server_identifier_sg"
            },
            "timeouts": null,
            "vpc_id": "vpc-09464e2788a470e04"
          },
          "sensitive_attributes": [],
          "private": "eyJlMmJmYjczMC1lY2FhLTExZTYtOGY4OC0zNDM2M2JjN2M0YzAiOnsiY3JlYXRlIjo2MDAwMDAwMDAwMDAsImRlbGV0ZSI6NjAwMDAwMDAwMDAwfSwic2NoZW1hX3ZlcnNpb24iOiIxIn0=",
          "dependencies": [
            "aws_vpc.cloudtechbitsvpc"
          ]
        }
      ]
    },
    {
      "mode": "managed",
      "type": "aws_subnet",
      "name": "ctb_subnet_1",
      "provider": "provider[\"registry.terraform.io/hashicorp/aws\"]",
      "instances": [
        {
          "schema_version": 1,
          "attributes": {
            "arn": "arn:aws:ec2:us-east-1:058775512105:subnet/subnet-0b4a77fa3dc552e4f",
            "assign_ipv6_address_on_creation": false,
            "availability_zone": "us-east-1a",
            "availability_zone_id": "use1-az6",
            "cidr_block": "10.0.0.0/23",
            "id": "subnet-0b4a77fa3dc552e4f",
            "ipv6_cidr_block": "",
            "ipv6_cidr_block_association_id": "",
            "map_public_ip_on_launch": false,
            "outpost_arn": "",
            "owner_id": "058775512105",
            "tags": {
              "Name": "ctb_subnet_1"
            },
            "timeouts": null,
            "vpc_id": "vpc-09464e2788a470e04"
          },
          "sensitive_attributes": [],
          "private": "eyJlMmJmYjczMC1lY2FhLTExZTYtOGY4OC0zNDM2M2JjN2M0YzAiOnsiY3JlYXRlIjo2MDAwMDAwMDAwMDAsImRlbGV0ZSI6MTIwMDAwMDAwMDAwMH0sInNjaGVtYV92ZXJzaW9uIjoiMSJ9",
          "dependencies": [
            "aws_vpc.cloudtechbitsvpc",
            "data.aws_region.current"
          ]
        }
      ]
    },
    {
      "mode": "managed",
      "type": "aws_subnet",
      "name": "ctb_subnet_2",
      "provider": "provider[\"registry.terraform.io/hashicorp/aws\"]",
      "instances": [
        {
          "schema_version": 1,
          "attributes": {
            "arn": "arn:aws:ec2:us-east-1:058775512105:subnet/subnet-041c1d6772f778695",
            "assign_ipv6_address_on_creation": false,
            "availability_zone": "us-east-1b",
            "availability_zone_id": "use1-az1",
            "cidr_block": "10.0.2.0/23",
            "id": "subnet-041c1d6772f778695",
            "ipv6_cidr_block": "",
            "ipv6_cidr_block_association_id": "",
            "map_public_ip_on_launch": false,
            "outpost_arn": "",
            "owner_id": "058775512105",
            "tags": {
              "Name": "ctb_subnet_2"
            },
            "timeouts": null,
            "vpc_id": "vpc-09464e2788a470e04"
          },
          "sensitive_attributes": [],
          "private": "eyJlMmJmYjczMC1lY2FhLTExZTYtOGY4OC0zNDM2M2JjN2M0YzAiOnsiY3JlYXRlIjo2MDAwMDAwMDAwMDAsImRlbGV0ZSI6MTIwMDAwMDAwMDAwMH0sInNjaGVtYV92ZXJzaW9uIjoiMSJ9",
          "dependencies": [
            "aws_vpc.cloudtechbitsvpc",
            "data.aws_region.current"
          ]
        }
      ]
    },
    {
      "mode": "managed",
      "type": "aws_subnet",
      "name": "ctb_subnet_3",
      "provider": "provider[\"registry.terraform.io/hashicorp/aws\"]",
      "instances": [
        {
          "schema_version": 1,
          "attributes": {
            "arn": "arn:aws:ec2:us-east-1:058775512105:subnet/subnet-0c0aa8ba7fcb50753",
            "assign_ipv6_address_on_creation": false,
            "availability_zone": "us-east-1c",
            "availability_zone_id": "use1-az2",
            "cidr_block": "10.0.4.0/23",
            "id": "subnet-0c0aa8ba7fcb50753",
            "ipv6_cidr_block": "",
            "ipv6_cidr_block_association_id": "",
            "map_public_ip_on_launch": false,
            "outpost_arn": "",
            "owner_id": "058775512105",
            "tags": {
              "Name": "ctb_subnet_3"
            },
            "timeouts": null,
            "vpc_id": "vpc-09464e2788a470e04"
          },
          "sensitive_attributes": [],
          "private": "eyJlMmJmYjczMC1lY2FhLTExZTYtOGY4OC0zNDM2M2JjN2M0YzAiOnsiY3JlYXRlIjo2MDAwMDAwMDAwMDAsImRlbGV0ZSI6MTIwMDAwMDAwMDAwMH0sInNjaGVtYV92ZXJzaW9uIjoiMSJ9",
          "dependencies": [
            "aws_vpc.cloudtechbitsvpc",
            "data.aws_region.current"
          ]
        }
      ]
    },
    {
      "mode": "managed",
      "type": "aws_subnet",
      "name": "ctb_subnet_4",
      "provider": "provider[\"registry.terraform.io/hashicorp/aws\"]",
      "instances": [
        {
          "schema_version": 1,
          "attributes": {
            "arn": "arn:aws:ec2:us-east-1:058775512105:subnet/subnet-0dfa1fbccb14885b8",
            "assign_ipv6_address_on_creation": false,
            "availability_zone": "us-east-1d",
            "availability_zone_id": "use1-az4",
            "cidr_block": "10.0.6.0/23",
            "id": "subnet-0dfa1fbccb14885b8",
            "ipv6_cidr_block": "",
            "ipv6_cidr_block_association_id": "",
            "map_public_ip_on_launch": false,
            "outpost_arn": "",
            "owner_id": "058775512105",
            "tags": {
              "Name": "ctb_subnet_4"
            },
            "timeouts": null,
            "vpc_id": "vpc-09464e2788a470e04"
          },
          "sensitive_attributes": [],
          "private": "eyJlMmJmYjczMC1lY2FhLTExZTYtOGY4OC0zNDM2M2JjN2M0YzAiOnsiY3JlYXRlIjo2MDAwMDAwMDAwMDAsImRlbGV0ZSI6MTIwMDAwMDAwMDAwMH0sInNjaGVtYV92ZXJzaW9uIjoiMSJ9",
          "dependencies": [
            "aws_vpc.cloudtechbitsvpc",
            "data.aws_region.current"
          ]
        }
      ]
    },
    {
      "mode": "managed",
      "type": "aws_subnet",
      "name": "ctb_subnet_5",
      "provider": "provider[\"registry.terraform.io/hashicorp/aws\"]",
      "instances": [
        {
          "schema_version": 1,
          "attributes": {
            "arn": "arn:aws:ec2:us-east-1:058775512105:subnet/subnet-08ba07b4512cac078",
            "assign_ipv6_address_on_creation": false,
            "availability_zone": "us-east-1e",
            "availability_zone_id": "use1-az3",
            "cidr_block": "10.0.8.0/23",
            "id": "subnet-08ba07b4512cac078",
            "ipv6_cidr_block": "",
            "ipv6_cidr_block_association_id": "",
            "map_public_ip_on_launch": false,
            "outpost_arn": "",
            "owner_id": "058775512105",
            "tags": {
              "Name": "ctb_subnet_5"
            },
            "timeouts": null,
            "vpc_id": "vpc-09464e2788a470e04"
          },
          "sensitive_attributes": [],
          "private": "eyJlMmJmYjczMC1lY2FhLTExZTYtOGY4OC0zNDM2M2JjN2M0YzAiOnsiY3JlYXRlIjo2MDAwMDAwMDAwMDAsImRlbGV0ZSI6MTIwMDAwMDAwMDAwMH0sInNjaGVtYV92ZXJzaW9uIjoiMSJ9",
          "dependencies": [
            "aws_vpc.cloudtechbitsvpc",
            "data.aws_region.current"
          ]
        }
      ]
    },
    {
      "mode": "managed",
      "type": "aws_subnet",
      "name": "ctb_subnet_6",
      "provider": "provider[\"registry.terraform.io/hashicorp/aws\"]",
      "instances": [
        {
          "schema_version": 1,
          "attributes": {
            "arn": "arn:aws:ec2:us-east-1:058775512105:subnet/subnet-0a5d03e37645eb8ee",
            "assign_ipv6_address_on_creation": false,
            "availability_zone": "us-east-1f",
            "availability_zone_id": "use1-az5",
            "cidr_block": "10.0.10.0/23",
            "id": "subnet-0a5d03e37645eb8ee",
            "ipv6_cidr_block": "",
            "ipv6_cidr_block_association_id": "",
            "map_public_ip_on_launch": false,
            "outpost_arn": "",
            "owner_id": "058775512105",
            "tags": {
              "Name": "ctb_subnet_6"
            },
            "timeouts": null,
            "vpc_id": "vpc-09464e2788a470e04"
          },
          "sensitive_attributes": [],
          "private": "eyJlMmJmYjczMC1lY2FhLTExZTYtOGY4OC0zNDM2M2JjN2M0YzAiOnsiY3JlYXRlIjo2MDAwMDAwMDAwMDAsImRlbGV0ZSI6MTIwMDAwMDAwMDAwMH0sInNjaGVtYV92ZXJzaW9uIjoiMSJ9",
          "dependencies": [
            "aws_vpc.cloudtechbitsvpc",
            "data.aws_region.current"
          ]
        }
      ]
    },
    {
      "mode": "managed",
      "type": "aws_vpc",
      "name": "cloudtechbitsvpc",
      "provider": "provider[\"registry.terraform.io/hashicorp/aws\"]",
      "instances": [
        {
          "schema_version": 1,
          "attributes": {
            "arn": "arn:aws:ec2:us-east-1:058775512105:vpc/vpc-09464e2788a470e04",
            "assign_generated_ipv6_cidr_block": true,
            "cidr_block": "10.0.0.0/16",
            "default_network_acl_id": "acl-0cf7b696272819508",
            "default_route_table_id": "rtb-0ad84709d37488236",
            "default_security_group_id": "sg-08e538a75dfdef0fc",
            "dhcp_options_id": "dopt-c60b46be",
            "enable_classiclink": false,
            "enable_classiclink_dns_support": false,
            "enable_dns_hostnames": true,
            "enable_dns_support": true,
            "id": "vpc-09464e2788a470e04",
            "instance_tenancy": "default",
            "ipv6_association_id": "vpc-cidr-assoc-0805b5e91da6bb5b1",
            "ipv6_cidr_block": "2600:1f18:1d9b:2b00::/56",
            "main_route_table_id": "rtb-0ad84709d37488236",
            "owner_id": "058775512105",
            "tags": {
              "Name": "Cloud Tech Bits"
            }
          },
          "sensitive_attributes": [],
          "private": "eyJzY2hlbWFfdmVyc2lvbiI6IjEifQ=="
        }
      ]
    }
  ]
}
