{
  "version": 4,
  "terraform_version": "0.14.2",
  "serial": 2,
  "lineage": "601c173f-e998-457c-c451-e02292770f4c",
  "outputs": {
    "ssh_cmd": {
      "value": "ssh -i ~/.ssh/cloudtechbits_rsa ec2-user@18.209.166.244",
      "type": "string"
    }
  },
  "resources": [
    {
      "mode": "data",
      "type": "aws_ami",
      "name": "amazon_linux_2",
      "provider": "provider[\"registry.terraform.io/hashicorp/aws\"]",
      "instances": [
        {
          "schema_version": 0,
          "attributes": {
            "architecture": "x86_64",
            "arn": "arn:aws:ec2:us-east-1::image/ami-0915bcb5fa77e4892",
            "block_device_mappings": [
              {
                "device_name": "/dev/xvda",
                "ebs": {
                  "delete_on_termination": "true",
                  "encrypted": "false",
                  "iops": "0",
                  "snapshot_id": "snap-04ad8208c01a49a0c",
                  "volume_size": "8",
                  "volume_type": "gp2"
                },
                "no_device": "",
                "virtual_name": ""
              }
            ],
            "creation_date": "2021-02-20T05:01:18.000Z",
            "description": "Amazon Linux 2 AMI 2.0.20210219.0 x86_64 HVM gp2",
            "executable_users": null,
            "filter": [
              {
                "name": "architecture",
                "values": [
                  "x86_64"
                ]
              },
              {
                "name": "description",
                "values": [
                  "*Linux 2*"
                ]
              },
              {
                "name": "image-type",
                "values": [
                  "machine"
                ]
              },
              {
                "name": "name",
                "values": [
                  "*gp2*"
                ]
              },
              {
                "name": "state",
                "values": [
                  "available"
                ]
              },
              {
                "name": "virtualization-type",
                "values": [
                  "hvm"
                ]
              }
            ],
            "hypervisor": "xen",
            "id": "ami-0915bcb5fa77e4892",
            "image_id": "ami-0915bcb5fa77e4892",
            "image_location": "amazon/amzn2-ami-hvm-2.0.20210219.0-x86_64-gp2",
            "image_owner_alias": "amazon",
            "image_type": "machine",
            "kernel_id": null,
            "most_recent": true,
            "name": "amzn2-ami-hvm-2.0.20210219.0-x86_64-gp2",
            "name_regex": null,
            "owner_id": "137112412989",
            "owners": [
              "137112412989"
            ],
            "platform": null,
            "product_codes": [],
            "public": true,
            "ramdisk_id": null,
            "root_device_name": "/dev/xvda",
            "root_device_type": "ebs",
            "root_snapshot_id": "snap-04ad8208c01a49a0c",
            "sriov_net_support": "simple",
            "state": "available",
            "state_reason": {
              "code": "UNSET",
              "message": "UNSET"
            },
            "tags": {},
            "virtualization_type": "hvm"
          },
          "sensitive_attributes": []
        }
      ]
    },
    {
      "mode": "data",
      "type": "aws_efs_file_system",
      "name": "ctb_efs",
      "provider": "provider[\"registry.terraform.io/hashicorp/aws\"]",
      "instances": [
        {
          "schema_version": 0,
          "attributes": {
            "arn": "arn:aws:elasticfilesystem:us-east-1:058775512105:file-system/fs-7eadb08b",
            "creation_token": "terraform-20210122042922485200000001",
            "dns_name": "fs-7eadb08b.efs.us-east-1.amazonaws.com",
            "encrypted": true,
            "file_system_id": "fs-7eadb08b",
            "id": "fs-7eadb08b",
            "kms_key_id": "arn:aws:kms:us-east-1:058775512105:key/a62d493d-8623-4c4d-a1de-a906245a5931",
            "lifecycle_policy": [
              {
                "transition_to_ia": "AFTER_30_DAYS"
              }
            ],
            "performance_mode": "generalPurpose",
            "provisioned_throughput_in_mibps": 0,
            "size_in_bytes": 64641024,
            "tags": {
              "Name": "ctb_efs"
            },
            "throughput_mode": "bursting"
          },
          "sensitive_attributes": []
        }
      ]
    },
    {
      "mode": "data",
      "type": "aws_security_group",
      "name": "access_for_kiran_sg",
      "provider": "provider[\"registry.terraform.io/hashicorp/aws\"]",
      "instances": [
        {
          "schema_version": 0,
          "attributes": {
            "arn": "arn:aws:ec2:us-east-1:058775512105:security-group/sg-0144fd4ccc842fbbd",
            "description": "Security Group for all access from current IP for Dev / Test / Debugging",
            "filter": null,
            "id": "sg-0144fd4ccc842fbbd",
            "name": "access_for_kiran_sg",
            "tags": {
              "Name": "ssh_for_kiran_sg"
            },
            "vpc_id": "vpc-0343a657f63b9eb37"
          },
          "sensitive_attributes": []
        }
      ]
    },
    {
      "mode": "data",
      "type": "aws_security_group",
      "name": "ctb_web_server_identifier_sg",
      "provider": "provider[\"registry.terraform.io/hashicorp/aws\"]",
      "instances": [
        {
          "schema_version": 0,
          "attributes": {
            "arn": "arn:aws:ec2:us-east-1:058775512105:security-group/sg-02de23da54e2cf967",
            "description": "Security Group with no inbound rules",
            "filter": null,
            "id": "sg-02de23da54e2cf967",
            "name": "ctb_web_server_identifier_sg",
            "tags": {
              "Name": "ctb_web_server_identifier_sg"
            },
            "vpc_id": "vpc-0343a657f63b9eb37"
          },
          "sensitive_attributes": []
        }
      ]
    },
    {
      "mode": "data",
      "type": "aws_subnet",
      "name": "ctb_subnet_1",
      "provider": "provider[\"registry.terraform.io/hashicorp/aws\"]",
      "instances": [
        {
          "schema_version": 0,
          "attributes": {
            "arn": "arn:aws:ec2:us-east-1:058775512105:subnet/subnet-068f2d849050e78c6",
            "assign_ipv6_address_on_creation": false,
            "availability_zone": "us-east-1a",
            "availability_zone_id": "use1-az6",
            "cidr_block": "10.0.0.0/23",
            "default_for_az": false,
            "filter": null,
            "id": "subnet-068f2d849050e78c6",
            "ipv6_cidr_block": null,
            "ipv6_cidr_block_association_id": null,
            "map_public_ip_on_launch": false,
            "outpost_arn": "",
            "owner_id": "058775512105",
            "state": "available",
            "tags": {
              "Name": "ctb_subnet_1"
            },
            "vpc_id": "vpc-0343a657f63b9eb37"
          },
          "sensitive_attributes": []
        }
      ]
    },
    {
      "mode": "managed",
      "type": "aws_instance",
      "name": "ctbamisetupserver",
      "provider": "provider[\"registry.terraform.io/hashicorp/aws\"]",
      "instances": [
        {
          "schema_version": 1,
          "attributes": {
            "ami": "ami-0915bcb5fa77e4892",
            "arn": "arn:aws:ec2:us-east-1:058775512105:instance/i-0caece010423f19f1",
            "associate_public_ip_address": true,
            "availability_zone": "us-east-1a",
            "cpu_core_count": 1,
            "cpu_threads_per_core": 2,
            "credit_specification": [
              {
                "cpu_credits": "unlimited"
              }
            ],
            "disable_api_termination": false,
            "ebs_block_device": [],
            "ebs_optimized": false,
            "enclave_options": [
              {
                "enabled": false
              }
            ],
            "ephemeral_block_device": [],
            "get_password_data": false,
            "hibernation": false,
            "host_id": null,
            "iam_instance_profile": "",
            "id": "i-0caece010423f19f1",
            "instance_initiated_shutdown_behavior": null,
            "instance_state": "running",
            "instance_type": "t3.micro",
            "ipv6_address_count": 0,
            "ipv6_addresses": [],
            "key_name": "cloudtechbits_key",
            "metadata_options": [
              {
                "http_endpoint": "enabled",
                "http_put_response_hop_limit": 1,
                "http_tokens": "optional"
              }
            ],
            "monitoring": false,
            "network_interface": [],
            "outpost_arn": "",
            "password_data": "",
            "placement_group": "",
            "primary_network_interface_id": "eni-0edcf9006250c958a",
            "private_dns": "ip-10-0-1-92.ec2.internal",
            "private_ip": "10.0.1.92",
            "public_dns": "ec2-18-209-166-244.compute-1.amazonaws.com",
            "public_ip": "18.209.166.244",
            "root_block_device": [
              {
                "delete_on_termination": true,
                "device_name": "/dev/xvda",
                "encrypted": false,
                "iops": 100,
                "kms_key_id": "",
                "tags": {},
                "throughput": 0,
                "volume_id": "vol-0274e8aad79148b7d",
                "volume_size": 8,
                "volume_type": "gp2"
              }
            ],
            "secondary_private_ips": [],
            "security_groups": [],
            "source_dest_check": true,
            "subnet_id": "subnet-068f2d849050e78c6",
            "tags": {
              "Name": "Cloud Tech Bit AMI Set up server"
            },
            "tenancy": "default",
            "timeouts": null,
            "user_data": "4797d39284b901df1a669b841c5bc70ea3e29271",
            "user_data_base64": null,
            "volume_tags": null,
            "vpc_security_group_ids": [
              "sg-0144fd4ccc842fbbd",
              "sg-02de23da54e2cf967"
            ]
          },
          "sensitive_attributes": [],
          "private": "eyJlMmJmYjczMC1lY2FhLTExZTYtOGY4OC0zNDM2M2JjN2M0YzAiOnsiY3JlYXRlIjo2MDAwMDAwMDAwMDAsImRlbGV0ZSI6MTIwMDAwMDAwMDAwMCwidXBkYXRlIjo2MDAwMDAwMDAwMDB9LCJzY2hlbWFfdmVyc2lvbiI6IjEifQ==",
          "dependencies": [
            "data.aws_ami.amazon_linux_2",
            "data.aws_efs_file_system.ctb_efs",
            "data.aws_security_group.access_for_kiran_sg",
            "data.aws_security_group.ctb_web_server_identifier_sg",
            "data.aws_subnet.ctb_subnet_1"
          ]
        }
      ]
    }
  ]
}
